{
  "schema_version": 1,
  "cargo_lock_sha256": "05c0c63bf6e5197b4597109bf29da9da42a1fc2dc9629eb925c1f5a3fefe3950",
  "target_resolves": {
    "base": {
      "arrayref-0.3.9": {
        "runtime_dependencies": [],
        "build_dependencies": [],
        "features": []
      },
      "arrayvec-0.7.6": {
        "runtime_dependencies": [],
        "build_dependencies": [],
        "features": []
      },
      "cc-1.2.62": {
        "runtime_dependencies": [
          {
            "name": "find_msvc_tools",
            "package_key": "find-msvc-tools-0.1.9",
            "kind": "normal",
            "features": [],
            "uses_default_features": true,
            "optional": false,
            "target": null,
            "tree": "target"
          },
          {
            "name": "shlex",
            "package_key": "shlex-1.3.0",
            "kind": "normal",
            "features": [],
            "uses_default_features": true,
            "optional": false,
            "target": null,
            "tree": "target"
          }
        ],
        "build_dependencies": [],
        "features": []
      },
      "cfg-if-1.0.4": {
        "runtime_dependencies": [],
        "build_dependencies": [],
        "features": []
      },
      "constant_time_eq-0.4.2": {
        "runtime_dependencies": [],
        "build_dependencies": [],
        "features": [
          "std"
        ]
      },
      "equivalent-1.0.2": {
        "runtime_dependencies": [],
        "build_dependencies": [],
        "features": []
      },
      "find-msvc-tools-0.1.9": {
        "runtime_dependencies": [],
        "build_dependencies": [],
        "features": []
      },
      "hashbrown-0.17.1": {
        "runtime_dependencies": [],
        "build_dependencies": [],
        "features": []
      },
      "indexmap-2.14.0": {
        "runtime_dependencies": [
          {
            "name": "equivalent",
            "package_key": "equivalent-1.0.2",
            "kind": "normal",
            "features": [],
            "uses_default_features": false,
            "optional": false,
            "target": null,
            "tree": "target"
          },
          {
            "name": "hashbrown",
            "package_key": "hashbrown-0.17.1",
            "kind": "normal",
            "features": [],
            "uses_default_features": false,
            "optional": false,
            "target": null,
            "tree": "target"
          },
          {
            "name": "serde_core",
            "package_key": "serde_core-1.0.228",
            "kind": "normal",
            "features": [],
            "uses_default_features": false,
            "optional": true,
            "target": null,
            "tree": "target"
          }
        ],
        "build_dependencies": [],
        "features": [
          "default",
          "serde",
          "std"
        ]
      },
      "itoa-1.0.18": {
        "runtime_dependencies": [],
        "build_dependencies": [],
        "features": []
      },
      "lava-functions-0.1.1": {
        "runtime_dependencies": [
          {
            "name": "blake3",
            "package_key": "blake3-1.8.5",
            "kind": "normal",
            "features": [],
            "uses_default_features": true,
            "optional": false,
            "target": null,
            "tree": "target"
          },
          {
            "name": "indexmap",
            "package_key": "indexmap-2.14.0",
            "kind": "normal",
            "features": [
              "serde"
            ],
            "uses_default_features": true,
            "optional": false,
            "target": null,
            "tree": "target"
          },
          {
            "name": "serde",
            "package_key": "serde-1.0.228",
            "kind": "normal",
            "features": [
              "derive"
            ],
            "uses_default_features": true,
            "optional": false,
            "target": null,
            "tree": "target"
          },
          {
            "name": "serde_json",
            "package_key": "serde_json-1.0.150",
            "kind": "normal",
            "features": [],
            "uses_default_features": true,
            "optional": false,
            "target": null,
            "tree": "target"
          },
          {
            "name": "thiserror",
            "package_key": "thiserror-2.0.18",
            "kind": "normal",
            "features": [],
            "uses_default_features": true,
            "optional": false,
            "target": null,
            "tree": "target"
          }
        ],
        "build_dependencies": [],
        "features": []
      },
      "memchr-2.8.0": {
        "runtime_dependencies": [],
        "build_dependencies": [],
        "features": [
          "alloc",
          "std"
        ]
      },
      "proc-macro2-1.0.106": {
        "runtime_dependencies": [
          {
            "name": "unicode_ident",
            "package_key": "unicode-ident-1.0.24",
            "kind": "normal",
            "features": [],
            "uses_default_features": true,
            "optional": false,
            "target": null,
            "tree": "target"
          }
        ],
        "build_dependencies": [],
        "features": [
          "default",
          "proc-macro"
        ]
      },
      "quote-1.0.45": {
        "runtime_dependencies": [
          {
            "name": "proc_macro2",
            "package_key": "proc-macro2-1.0.106",
            "kind": "normal",
            "features": [],
            "uses_default_features": true,
            "optional": false,
            "target": null,
            "tree": "target"
          }
        ],
        "build_dependencies": [],
        "features": [
          "default",
          "proc-macro"
        ]
      },
      "serde-1.0.228": {
        "runtime_dependencies": [
          {
            "name": "serde_core",
            "package_key": "serde_core-1.0.228",
            "kind": "normal",
            "features": [
              "result"
            ],
            "uses_default_features": false,
            "optional": false,
            "target": null,
            "tree": "target"
          },
          {
            "name": "serde_derive",
            "package_key": "serde_derive-1.0.228",
            "kind": "normal",
            "features": [],
            "uses_default_features": true,
            "optional": true,
            "target": null,
            "tree": "host"
          }
        ],
        "build_dependencies": [],
        "features": [
          "default",
          "derive",
          "serde_derive",
          "std"
        ]
      },
      "serde_core-1.0.228": {
        "runtime_dependencies": [],
        "build_dependencies": [],
        "features": [
          "result",
          "std"
        ]
      },
      "serde_derive-1.0.228": {
        "runtime_dependencies": [
          {
            "name": "proc_macro2",
            "package_key": "proc-macro2-1.0.106",
            "kind": "normal",
            "features": [],
            "uses_default_features": true,
            "optional": false,
            "target": null,
            "tree": "target"
          },
          {
            "name": "quote",
            "package_key": "quote-1.0.45",
            "kind": "normal",
            "features": [
              "proc-macro"
            ],
            "uses_default_features": false,
            "optional": false,
            "target": null,
            "tree": "target"
          },
          {
            "name": "syn",
            "package_key": "syn-2.0.117",
            "kind": "normal",
            "features": [
              "clone-impls",
              "derive",
              "parsing",
              "printing",
              "proc-macro"
            ],
            "uses_default_features": false,
            "optional": false,
            "target": null,
            "tree": "target"
          }
        ],
        "build_dependencies": [],
        "features": [
          "default"
        ]
      },
      "serde_json-1.0.150": {
        "runtime_dependencies": [
          {
            "name": "itoa",
            "package_key": "itoa-1.0.18",
            "kind": "normal",
            "features": [],
            "uses_default_features": true,
            "optional": false,
            "target": null,
            "tree": "target"
          },
          {
            "name": "memchr",
            "package_key": "memchr-2.8.0",
            "kind": "normal",
            "features": [],
            "uses_default_features": false,
            "optional": false,
            "target": null,
            "tree": "target"
          },
          {
            "name": "serde_core",
            "package_key": "serde_core-1.0.228",
            "kind": "normal",
            "features": [],
            "uses_default_features": false,
            "optional": false,
            "target": null,
            "tree": "target"
          },
          {
            "name": "zmij",
            "package_key": "zmij-1.0.21",
            "kind": "normal",
            "features": [],
            "uses_default_features": true,
            "optional": false,
            "target": null,
            "tree": "target"
          }
        ],
        "build_dependencies": [],
        "features": [
          "default",
          "std"
        ]
      },
      "shlex-1.3.0": {
        "runtime_dependencies": [],
        "build_dependencies": [],
        "features": [
          "default",
          "std"
        ]
      },
      "syn-2.0.117": {
        "runtime_dependencies": [
          {
            "name": "proc_macro2",
            "package_key": "proc-macro2-1.0.106",
            "kind": "normal",
            "features": [],
            "uses_default_features": true,
            "optional": false,
            "target": null,
            "tree": "target"
          },
          {
            "name": "quote",
            "package_key": "quote-1.0.45",
            "kind": "normal",
            "features": [],
            "uses_default_features": false,
            "optional": true,
            "target": null,
            "tree": "target"
          },
          {
            "name": "unicode_ident",
            "package_key": "unicode-ident-1.0.24",
            "kind": "normal",
            "features": [],
            "uses_default_features": true,
            "optional": false,
            "target": null,
            "tree": "target"
          }
        ],
        "build_dependencies": [],
        "features": [
          "clone-impls",
          "default",
          "derive",
          "parsing",
          "printing",
          "proc-macro"
        ]
      },
      "thiserror-2.0.18": {
        "runtime_dependencies": [
          {
            "name": "thiserror_impl",
            "package_key": "thiserror-impl-2.0.18",
            "kind": "normal",
            "features": [],
            "uses_default_features": true,
            "optional": false,
            "target": null,
            "tree": "host"
          }
        ],
        "build_dependencies": [],
        "features": [
          "default",
          "std"
        ]
      },
      "thiserror-impl-2.0.18": {
        "runtime_dependencies": [
          {
            "name": "proc_macro2",
            "package_key": "proc-macro2-1.0.106",
            "kind": "normal",
            "features": [],
            "uses_default_features": true,
            "optional": false,
            "target": null,
            "tree": "target"
          },
          {
            "name": "quote",
            "package_key": "quote-1.0.45",
            "kind": "normal",
            "features": [],
            "uses_default_features": true,
            "optional": false,
            "target": null,
            "tree": "target"
          },
          {
            "name": "syn",
            "package_key": "syn-2.0.117",
            "kind": "normal",
            "features": [],
            "uses_default_features": true,
            "optional": false,
            "target": null,
            "tree": "target"
          }
        ],
        "build_dependencies": [],
        "features": []
      },
      "unicode-ident-1.0.24": {
        "runtime_dependencies": [],
        "build_dependencies": [],
        "features": []
      },
      "zmij-1.0.21": {
        "runtime_dependencies": [],
        "build_dependencies": [],
        "features": []
      }
    },
    "targets": {
      "aarch64-apple-darwin": {
        "overrides": {
          "blake3-1.8.5": {
            "runtime_dependencies": [
              {
                "name": "arrayref",
                "package_key": "arrayref-0.3.9",
                "kind": "normal",
                "features": [],
                "uses_default_features": true,
                "optional": false,
                "target": null,
                "tree": "target"
              },
              {
                "name": "arrayvec",
                "package_key": "arrayvec-0.7.6",
                "kind": "normal",
                "features": [],
                "uses_default_features": false,
                "optional": false,
                "target": null,
                "tree": "target"
              },
              {
                "name": "cfg_if",
                "package_key": "cfg-if-1.0.4",
                "kind": "normal",
                "features": [],
                "uses_default_features": true,
                "optional": false,
                "target": null,
                "tree": "target"
              },
              {
                "name": "constant_time_eq",
                "package_key": "constant_time_eq-0.4.2",
                "kind": "normal",
                "features": [],
                "uses_default_features": false,
                "optional": false,
                "target": null,
                "tree": "target"
              }
            ],
            "build_dependencies": [
              {
                "name": "cc",
                "package_key": "cc-1.2.62",
                "kind": "build",
                "features": [],
                "uses_default_features": true,
                "optional": false,
                "target": null,
                "tree": "host"
              }
            ],
            "features": [
              "default",
              "std"
            ]
          }
        }
      },
      "x86_64-apple-darwin": {
        "overrides": {
          "blake3-1.8.5": {
            "runtime_dependencies": [
              {
                "name": "arrayref",
                "package_key": "arrayref-0.3.9",
                "kind": "normal",
                "features": [],
                "uses_default_features": true,
                "optional": false,
                "target": null,
                "tree": "target"
              },
              {
                "name": "arrayvec",
                "package_key": "arrayvec-0.7.6",
                "kind": "normal",
                "features": [],
                "uses_default_features": false,
                "optional": false,
                "target": null,
                "tree": "target"
              },
              {
                "name": "cfg_if",
                "package_key": "cfg-if-1.0.4",
                "kind": "normal",
                "features": [],
                "uses_default_features": true,
                "optional": false,
                "target": null,
                "tree": "target"
              },
              {
                "name": "constant_time_eq",
                "package_key": "constant_time_eq-0.4.2",
                "kind": "normal",
                "features": [],
                "uses_default_features": false,
                "optional": false,
                "target": null,
                "tree": "target"
              },
              {
                "name": "cpufeatures",
                "package_key": "cpufeatures-0.3.0",
                "kind": "normal",
                "features": [],
                "uses_default_features": true,
                "optional": false,
                "target": "cfg(any(target_arch = \"x86\", target_arch = \"x86_64\"))",
                "tree": "target"
              }
            ],
            "build_dependencies": [
              {
                "name": "cc",
                "package_key": "cc-1.2.62",
                "kind": "build",
                "features": [],
                "uses_default_features": true,
                "optional": false,
                "target": null,
                "tree": "host"
              }
            ],
            "features": [
              "default",
              "std"
            ]
          },
          "cpufeatures-0.3.0": {
            "runtime_dependencies": [],
            "build_dependencies": [],
            "features": []
          }
        }
      },
      "x86_64-unknown-linux-gnu": {
        "overrides": {
          "blake3-1.8.5": {
            "runtime_dependencies": [
              {
                "name": "arrayref",
                "package_key": "arrayref-0.3.9",
                "kind": "normal",
                "features": [],
                "uses_default_features": true,
                "optional": false,
                "target": null,
                "tree": "target"
              },
              {
                "name": "arrayvec",
                "package_key": "arrayvec-0.7.6",
                "kind": "normal",
                "features": [],
                "uses_default_features": false,
                "optional": false,
                "target": null,
                "tree": "target"
              },
              {
                "name": "cfg_if",
                "package_key": "cfg-if-1.0.4",
                "kind": "normal",
                "features": [],
                "uses_default_features": true,
                "optional": false,
                "target": null,
                "tree": "target"
              },
              {
                "name": "constant_time_eq",
                "package_key": "constant_time_eq-0.4.2",
                "kind": "normal",
                "features": [],
                "uses_default_features": false,
                "optional": false,
                "target": null,
                "tree": "target"
              },
              {
                "name": "cpufeatures",
                "package_key": "cpufeatures-0.3.0",
                "kind": "normal",
                "features": [],
                "uses_default_features": true,
                "optional": false,
                "target": "cfg(any(target_arch = \"x86\", target_arch = \"x86_64\"))",
                "tree": "target"
              }
            ],
            "build_dependencies": [
              {
                "name": "cc",
                "package_key": "cc-1.2.62",
                "kind": "build",
                "features": [],
                "uses_default_features": true,
                "optional": false,
                "target": null,
                "tree": "host"
              }
            ],
            "features": [
              "default",
              "std"
            ]
          },
          "cpufeatures-0.3.0": {
            "runtime_dependencies": [],
            "build_dependencies": [],
            "features": []
          }
        }
      },
      "x86_64-unknown-linux-musl": {
        "overrides": {
          "blake3-1.8.5": {
            "runtime_dependencies": [
              {
                "name": "arrayref",
                "package_key": "arrayref-0.3.9",
                "kind": "normal",
                "features": [],
                "uses_default_features": true,
                "optional": false,
                "target": null,
                "tree": "target"
              },
              {
                "name": "arrayvec",
                "package_key": "arrayvec-0.7.6",
                "kind": "normal",
                "features": [],
                "uses_default_features": false,
                "optional": false,
                "target": null,
                "tree": "target"
              },
              {
                "name": "cfg_if",
                "package_key": "cfg-if-1.0.4",
                "kind": "normal",
                "features": [],
                "uses_default_features": true,
                "optional": false,
                "target": null,
                "tree": "target"
              },
              {
                "name": "constant_time_eq",
                "package_key": "constant_time_eq-0.4.2",
                "kind": "normal",
                "features": [],
                "uses_default_features": false,
                "optional": false,
                "target": null,
                "tree": "target"
              },
              {
                "name": "cpufeatures",
                "package_key": "cpufeatures-0.3.0",
                "kind": "normal",
                "features": [],
                "uses_default_features": true,
                "optional": false,
                "target": "cfg(any(target_arch = \"x86\", target_arch = \"x86_64\"))",
                "tree": "target"
              }
            ],
            "build_dependencies": [
              {
                "name": "cc",
                "package_key": "cc-1.2.62",
                "kind": "build",
                "features": [],
                "uses_default_features": true,
                "optional": false,
                "target": null,
                "tree": "host"
              }
            ],
            "features": [
              "default",
              "std"
            ]
          },
          "cpufeatures-0.3.0": {
            "runtime_dependencies": [],
            "build_dependencies": [],
            "features": []
          }
        }
      },
      "aarch64-unknown-linux-gnu": {
        "overrides": {
          "blake3-1.8.5": {
            "runtime_dependencies": [
              {
                "name": "arrayref",
                "package_key": "arrayref-0.3.9",
                "kind": "normal",
                "features": [],
                "uses_default_features": true,
                "optional": false,
                "target": null,
                "tree": "target"
              },
              {
                "name": "arrayvec",
                "package_key": "arrayvec-0.7.6",
                "kind": "normal",
                "features": [],
                "uses_default_features": false,
                "optional": false,
                "target": null,
                "tree": "target"
              },
              {
                "name": "cfg_if",
                "package_key": "cfg-if-1.0.4",
                "kind": "normal",
                "features": [],
                "uses_default_features": true,
                "optional": false,
                "target": null,
                "tree": "target"
              },
              {
                "name": "constant_time_eq",
                "package_key": "constant_time_eq-0.4.2",
                "kind": "normal",
                "features": [],
                "uses_default_features": false,
                "optional": false,
                "target": null,
                "tree": "target"
              }
            ],
            "build_dependencies": [
              {
                "name": "cc",
                "package_key": "cc-1.2.62",
                "kind": "build",
                "features": [],
                "uses_default_features": true,
                "optional": false,
                "target": null,
                "tree": "host"
              }
            ],
            "features": [
              "default",
              "std"
            ]
          }
        }
      },
      "aarch64-unknown-linux-musl": {
        "overrides": {
          "blake3-1.8.5": {
            "runtime_dependencies": [
              {
                "name": "arrayref",
                "package_key": "arrayref-0.3.9",
                "kind": "normal",
                "features": [],
                "uses_default_features": true,
                "optional": false,
                "target": null,
                "tree": "target"
              },
              {
                "name": "arrayvec",
                "package_key": "arrayvec-0.7.6",
                "kind": "normal",
                "features": [],
                "uses_default_features": false,
                "optional": false,
                "target": null,
                "tree": "target"
              },
              {
                "name": "cfg_if",
                "package_key": "cfg-if-1.0.4",
                "kind": "normal",
                "features": [],
                "uses_default_features": true,
                "optional": false,
                "target": null,
                "tree": "target"
              },
              {
                "name": "constant_time_eq",
                "package_key": "constant_time_eq-0.4.2",
                "kind": "normal",
                "features": [],
                "uses_default_features": false,
                "optional": false,
                "target": null,
                "tree": "target"
              }
            ],
            "build_dependencies": [
              {
                "name": "cc",
                "package_key": "cc-1.2.62",
                "kind": "build",
                "features": [],
                "uses_default_features": true,
                "optional": false,
                "target": null,
                "tree": "host"
              }
            ],
            "features": [
              "default",
              "std"
            ]
          }
        }
      }
    }
  },
  "per_crate": {
    "arrayref-0.3.9": {
      "edition": "2015"
    },
    "arrayvec-0.7.6": {
      "edition": "2018"
    },
    "blake3-1.8.5": {
      "edition": "2024",
      "build_script": "build.rs"
    },
    "cc-1.2.62": {
      "edition": "2018"
    },
    "cfg-if-1.0.4": {
      "edition": "2018"
    },
    "constant_time_eq-0.4.2": {
      "edition": "2024"
    },
    "equivalent-1.0.2": {
      "edition": "2015"
    },
    "find-msvc-tools-0.1.9": {
      "edition": "2018"
    },
    "hashbrown-0.17.1": {
      "edition": "2024"
    },
    "indexmap-2.14.0": {
      "edition": "2024"
    },
    "itoa-1.0.18": {
      "edition": "2021"
    },
    "lava-functions-0.1.1": {
      "edition": "2024",
      "lib_target": {
        "name": "lava_functions",
        "path": "src/lib.rs"
      }
    },
    "memchr-2.8.0": {
      "edition": "2021"
    },
    "proc-macro2-1.0.106": {
      "edition": "2021",
      "build_script": "build.rs"
    },
    "quote-1.0.45": {
      "edition": "2021",
      "build_script": "build.rs"
    },
    "serde-1.0.228": {
      "edition": "2021",
      "build_script": "build.rs"
    },
    "serde_core-1.0.228": {
      "edition": "2021",
      "build_script": "build.rs"
    },
    "serde_derive-1.0.228": {
      "edition": "2021",
      "proc_macro": true
    },
    "serde_json-1.0.150": {
      "edition": "2021",
      "build_script": "build.rs"
    },
    "shlex-1.3.0": {
      "edition": "2015"
    },
    "syn-2.0.117": {
      "edition": "2021"
    },
    "thiserror-2.0.18": {
      "edition": "2021",
      "build_script": "build.rs"
    },
    "thiserror-impl-2.0.18": {
      "edition": "2021",
      "proc_macro": true
    },
    "unicode-ident-1.0.24": {
      "edition": "2021"
    },
    "zmij-1.0.21": {
      "edition": "2021",
      "build_script": "build.rs"
    },
    "cpufeatures-0.3.0": {
      "edition": "2024"
    }
  },
  "git_nar_sha256": {},
  "flake_metadata": {}
}
